
Microsoft Visual Studio Solution File, Format Version 12.00
# Visual Studio Version 16
VisualStudioVersion = 16.0.29215.179
MinimumVisualStudioVersion = 10.0.40219.1
Project("{FAE04EC0-301F-11D3-BF4B-00C04F79EFBC}") = "Bash", "Bash\Bash.csproj", "{20ECDD68-EB3C-41CD-91CD-363036CBA33C}"
EndProject
Global
	GlobalSection(SolutionConfigurationPlatforms) = preSolution
		Debug|Any CPU = Debug|Any CPU
		Release|Any CPU = Release|Any CPU
	EndGlobalSection
	GlobalSection(ProjectConfigurationPlatforms) = postSolution
		{20ECDD68-EB3C-41CD-91CD-363036CBA33C}.Debug|Any CPU.ActiveCfg = Debug|Any CPU
		{20ECDD68-EB3C-41CD-91CD-363036CBA33C}.Debug|Any CPU.Build.0 = Debug|Any CPU
		{20ECDD68-EB3C-41CD-91CD-363036CBA33C}.Release|Any CPU.ActiveCfg = Release|Any CPU
		{20ECDD68-EB3C-41CD-91CD-363036CBA33C}.Release|Any CPU.Build.0 = Release|Any CPU
	EndGlobalSection
	GlobalSection(SolutionProperties) = preSolution
		HideSolutionNode = FALSE
	EndGlobalSection
	GlobalSection(ExtensibilityGlobals) = postSolution
		SolutionGuid = {2DFB46C3-3D30-4B04-8922-E0A70B080A1F}
	EndGlobalSection
EndGlobal
